
Microsoft Visual Studio Solution File, Format Version 12.00
# Visual Studio Version 17
VisualStudioVersion = 17.5.002.0
MinimumVisualStudioVersion = 10.0.40219.1
Project("{9A19103F-16F7-4668-BE54-9A1E7A4F7556}") = "OrdemServico", "Api\OrdemServico.csproj", "{913F8366-46CA-4A1C-AAC7-20FB90022F7A}"
EndProject
Project("{9A19103F-16F7-4668-BE54-9A1E7A4F7556}") = "OrderServicoTest", "OrderServicoTest\OrderServicoTest.csproj", "{1E8A3A63-CDFB-497B-A827-F0389827EA0C}"
EndProject
Global
	GlobalSection(SolutionConfigurationPlatforms) = preSolution
		Debug|Any CPU = Debug|Any CPU
		Release|Any CPU = Release|Any CPU
	EndGlobalSection
	GlobalSection(ProjectConfigurationPlatforms) = postSolution
		{913F8366-46CA-4A1C-AAC7-20FB90022F7A}.Debug|Any CPU.ActiveCfg = Debug|Any CPU
		{913F8366-46CA-4A1C-AAC7-20FB90022F7A}.Debug|Any CPU.Build.0 = Debug|Any CPU
		{913F8366-46CA-4A1C-AAC7-20FB90022F7A}.Release|Any CPU.ActiveCfg = Release|Any CPU
		{913F8366-46CA-4A1C-AAC7-20FB90022F7A}.Release|Any CPU.Build.0 = Release|Any CPU
		{1E8A3A63-CDFB-497B-A827-F0389827EA0C}.Debug|Any CPU.ActiveCfg = Debug|Any CPU
		{1E8A3A63-CDFB-497B-A827-F0389827EA0C}.Debug|Any CPU.Build.0 = Debug|Any CPU
		{1E8A3A63-CDFB-497B-A827-F0389827EA0C}.Release|Any CPU.ActiveCfg = Release|Any CPU
		{1E8A3A63-CDFB-497B-A827-F0389827EA0C}.Release|Any CPU.Build.0 = Release|Any CPU
	EndGlobalSection
	GlobalSection(SolutionProperties) = preSolution
		HideSolutionNode = FALSE
	EndGlobalSection
	GlobalSection(ExtensibilityGlobals) = postSolution
		SolutionGuid = {03D341F8-2255-4955-BA2A-5892A50E5D2F}
	EndGlobalSection
EndGlobal
